{
  "name": "presentation",
  "lockfileVersion": 3,
  "requires": true,
  "packages": {
    "": {
      "devDependencies": {
        "playwright-chromium": "^1.46.0"
      }
    },
    "node_modules/playwright-chromium": {
      "version": "1.46.0",
      "resolved": "https://registry.npmjs.org/playwright-chromium/-/playwright-chromium-1.46.0.tgz",
      "integrity": "sha512-UTHYZsr49XFYRQkpCfaHxL63vfu6uThxR1DrNwnU6qik/OworFcugTOJMWFMoop3QP+ThU8laAMumauLdLZXCQ==",
      "dev": true,
      "hasInstallScript": true,
      "dependencies": {
        "playwright-core": "1.46.0"
      },
      "bin": {
        "playwright": "cli.js"
      },
      "engines": {
        "node": ">=18"
      }
    },
    "node_modules/playwright-core": {
      "version": "1.46.0",
      "resolved": "https://registry.npmjs.org/playwright-core/-/playwright-core-1.46.0.tgz",
      "integrity": "sha512-9Y/d5UIwuJk8t3+lhmMSAJyNP1BUC/DqP3cQJDQQL/oWqAiuPTLgy7Q5dzglmTLwcBRdetzgNM/gni7ckfTr6A==",
      "dev": true,
      "bin": {
        "playwright-core": "cli.js"
      },
      "engines": {
        "node": ">=18"
      }
    }
  }
}
